// !$*UTF8*$!
{
	archiveVersion = 1;
	classes = {
	};
	objectVersion = 56;
	objects = {

/* Begin PBXBuildFile section */
		1052554B2C9A480200716DC3 /* Students_Who_SitApp.swift in Sources */ = {isa = PBXBuildFile; fileRef = 1052554A2C9A480200716DC3 /* Students_Who_SitApp.swift */; };
		1052554D2C9A480200716DC3 /* ContentView.swift in Sources */ = {isa = PBXBuildFile; fileRef = 1052554C2C9A480200716DC3 /* ContentView.swift */; };
		1052554F2C9A480400716DC3 /* Assets.xcassets in Resources */ = {isa = PBXBuildFile; fileRef = 1052554E2C9A480400716DC3 /* Assets.xcassets */; };
		105255522C9A480400716DC3 /* Preview Assets.xcassets in Resources */ = {isa = PBXBuildFile; fileRef = 105255512C9A480400716DC3 /* Preview Assets.xcassets */; };
		1052555C2C9A480400716DC3 /* Students_Who_SitTests.swift in Sources */ = {isa = PBXBuildFile; fileRef = 1052555B2C9A480400716DC3 /* Students_Who_SitTests.swift */; };
		105255662C9A480400716DC3 /* Students_Who_SitUITests.swift in Sources */ = {isa = PBXBuildFile; fileRef = 105255652C9A480400716DC3 /* Students_Who_SitUITests.swift */; };
		105255682C9A480400716DC3 /* Students_Who_SitUITestsLaunchTests.swift in Sources */ = {isa = PBXBuildFile; fileRef = 105255672C9A480400716DC3 /* Students_Who_SitUITestsLaunchTests.swift */; };
		105255762C9A499500716DC3 /* Users.swift in Sources */ = {isa = PBXBuildFile; fileRef = 105255752C9A499500716DC3 /* Users.swift */; };
		105255782C9A49C000716DC3 /* BabySittingGig.swift in Sources */ = {isa = PBXBuildFile; fileRef = 105255772C9A49C000716DC3 /* BabySittingGig.swift */; };
		1052557B2C9A49DE00716DC3 /* HomeView.swift in Sources */ = {isa = PBXBuildFile; fileRef = 1052557A2C9A49DE00716DC3 /* HomeView.swift */; };
		1052557E2C9A4A3500716DC3 /* HomeViewModel.swift in Sources */ = {isa = PBXBuildFile; fileRef = 1052557D2C9A4A3500716DC3 /* HomeViewModel.swift */; };
		105255812C9A4A8700716DC3 /* FirebaseServices.swift in Sources */ = {isa = PBXBuildFile; fileRef = 105255802C9A4A8700716DC3 /* FirebaseServices.swift */; };
		105255832C9A4AB000716DC3 /* ProfileView.swift in Sources */ = {isa = PBXBuildFile; fileRef = 105255822C9A4AB000716DC3 /* ProfileView.swift */; };
		105255842C9A4E0600716DC3 /* Pods_Students_Who_Sit.framework in Frameworks */ = {isa = PBXBuildFile; fileRef = A2EF8E9D09FC4BF9FB06FB97 /* Pods_Students_Who_Sit.framework */; };
		105255852C9A4E0600716DC3 /* Pods_Students_Who_Sit.framework in Embed Frameworks */ = {isa = PBXBuildFile; fileRef = A2EF8E9D09FC4BF9FB06FB97 /* Pods_Students_Who_Sit.framework */; settings = {ATTRIBUTES = (CodeSignOnCopy, RemoveHeadersOnCopy, ); }; };
		32AD7167D64E8B30EDC8EA5C /* Pods_Students_Who_Sit_Students_Who_SitUITests.framework in Frameworks */ = {isa = PBXBuildFile; fileRef = C25BFFB1E766A9D40CB13C91 /* Pods_Students_Who_Sit_Students_Who_SitUITests.framework */; };
		B4F1B351BD9B5C06033D9762 /* Pods_Students_Who_SitTests.framework in Frameworks */ = {isa = PBXBuildFile; fileRef = 974CAA6500F5235D258BA696 /* Pods_Students_Who_SitTests.framework */; };
/* End PBXBuildFile section */

/* Begin PBXContainerItemProxy section */
		105255582C9A480400716DC3 /* PBXContainerItemProxy */ = {
			isa = PBXContainerItemProxy;
			containerPortal = 1052553F2C9A480200716DC3 /* Project object */;
			proxyType = 1;
			remoteGlobalIDString = 105255462C9A480200716DC3;
			remoteInfo = "Students Who Sit";
		};
		105255622C9A480400716DC3 /* PBXContainerItemProxy */ = {
			isa = PBXContainerItemProxy;
			containerPortal = 1052553F2C9A480200716DC3 /* Project object */;
			proxyType = 1;
			remoteGlobalIDString = 105255462C9A480200716DC3;
			remoteInfo = "Students Who Sit";
		};
/* End PBXContainerItemProxy section */

/* Begin PBXCopyFilesBuildPhase section */
		105255862C9A4E0600716DC3 /* Embed Frameworks */ = {
			isa = PBXCopyFilesBuildPhase;
			buildActionMask = 2147483647;
			dstPath = "";
			dstSubfolderSpec = 10;
			files = (
				105255852C9A4E0600716DC3 /* Pods_Students_Who_Sit.framework in Embed Frameworks */,
			);
			name = "Embed Frameworks";
			runOnlyForDeploymentPostprocessing = 0;
		};
/* End PBXCopyFilesBuildPhase section */

/* Begin PBXFileReference section */
		105255472C9A480200716DC3 /* Students Who Sit.app */ = {isa = PBXFileReference; explicitFileType = wrapper.application; includeInIndex = 0; path = "Students Who Sit.app"; sourceTree = BUILT_PRODUCTS_DIR; };
		1052554A2C9A480200716DC3 /* Students_Who_SitApp.swift */ = {isa = PBXFileReference; lastKnownFileType = sourcecode.swift; path = Students_Who_SitApp.swift; sourceTree = "<group>"; };
		1052554C2C9A480200716DC3 /* ContentView.swift */ = {isa = PBXFileReference; lastKnownFileType = sourcecode.swift; path = ContentView.swift; sourceTree = "<group>"; };
		1052554E2C9A480400716DC3 /* Assets.xcassets */ = {isa = PBXFileReference; lastKnownFileType = folder.assetcatalog; path = Assets.xcassets; sourceTree = "<group>"; };
		105255512C9A480400716DC3 /* Preview Assets.xcassets */ = {isa = PBXFileReference; lastKnownFileType = folder.assetcatalog; path = "Preview Assets.xcassets"; sourceTree = "<group>"; };
		105255572C9A480400716DC3 /* Students Who SitTests.xctest */ = {isa = PBXFileReference; explicitFileType = wrapper.cfbundle; includeInIndex = 0; path = "Students Who SitTests.xctest"; sourceTree = BUILT_PRODUCTS_DIR; };
		1052555B2C9A480400716DC3 /* Students_Who_SitTests.swift */ = {isa = PBXFileReference; lastKnownFileType = sourcecode.swift; path = Students_Who_SitTests.swift; sourceTree = "<group>"; };
		105255612C9A480400716DC3 /* Students Who SitUITests.xctest */ = {isa = PBXFileReference; explicitFileType = wrapper.cfbundle; includeInIndex = 0; path = "Students Who SitUITests.xctest"; sourceTree = BUILT_PRODUCTS_DIR; };
		105255652C9A480400716DC3 /* Students_Who_SitUITests.swift */ = {isa = PBXFileReference; lastKnownFileType = sourcecode.swift; path = Students_Who_SitUITests.swift; sourceTree = "<group>"; };
		105255672C9A480400716DC3 /* Students_Who_SitUITestsLaunchTests.swift */ = {isa = PBXFileReference; lastKnownFileType = sourcecode.swift; path = Students_Who_SitUITestsLaunchTests.swift; sourceTree = "<group>"; };
		105255752C9A499500716DC3 /* Users.swift */ = {isa = PBXFileReference; lastKnownFileType = sourcecode.swift; path = Users.swift; sourceTree = "<group>"; };
		105255772C9A49C000716DC3 /* BabySittingGig.swift */ = {isa = PBXFileReference; lastKnownFileType = sourcecode.swift; path = BabySittingGig.swift; sourceTree = "<group>"; };
		1052557A2C9A49DE00716DC3 /* HomeView.swift */ = {isa = PBXFileReference; lastKnownFileType = sourcecode.swift; path = HomeView.swift; sourceTree = "<group>"; };
		1052557D2C9A4A3500716DC3 /* HomeViewModel.swift */ = {isa = PBXFileReference; lastKnownFileType = sourcecode.swift; path = HomeViewModel.swift; sourceTree = "<group>"; };
		105255802C9A4A8700716DC3 /* FirebaseServices.swift */ = {isa = PBXFileReference; lastKnownFileType = sourcecode.swift; path = FirebaseServices.swift; sourceTree = "<group>"; };
		105255822C9A4AB000716DC3 /* ProfileView.swift */ = {isa = PBXFileReference; lastKnownFileType = sourcecode.swift; path = ProfileView.swift; sourceTree = "<group>"; };
		16DE13084DED706EF412EC72 /* Pods-Students Who Sit.debug.xcconfig */ = {isa = PBXFileReference; includeInIndex = 1; lastKnownFileType = text.xcconfig; name = "Pods-Students Who Sit.debug.xcconfig"; path = "Target Support Files/Pods-Students Who Sit/Pods-Students Who Sit.debug.xcconfig"; sourceTree = "<group>"; };
		2702404ED88D83D09435F2A0 /* Pods-Students Who Sit.release.xcconfig */ = {isa = PBXFileReference; includeInIndex = 1; lastKnownFileType = text.xcconfig; name = "Pods-Students Who Sit.release.xcconfig"; path = "Target Support Files/Pods-Students Who Sit/Pods-Students Who Sit.release.xcconfig"; sourceTree = "<group>"; };
		4704749B91AC80BCE5A17AD7 /* Pods-Students Who Sit-Students Who SitUITests.debug.xcconfig */ = {isa = PBXFileReference; includeInIndex = 1; lastKnownFileType = text.xcconfig; name = "Pods-Students Who Sit-Students Who SitUITests.debug.xcconfig"; path = "Target Support Files/Pods-Students Who Sit-Students Who SitUITests/Pods-Students Who Sit-Students Who SitUITests.debug.xcconfig"; sourceTree = "<group>"; };
		974CAA6500F5235D258BA696 /* Pods_Students_Who_SitTests.framework */ = {isa = PBXFileReference; explicitFileType = wrapper.framework; includeInIndex = 0; path = Pods_Students_Who_SitTests.framework; sourceTree = BUILT_PRODUCTS_DIR; };
		A2EF8E9D09FC4BF9FB06FB97 /* Pods_Students_Who_Sit.framework */ = {isa = PBXFileReference; explicitFileType = wrapper.framework; includeInIndex = 0; path = Pods_Students_Who_Sit.framework; sourceTree = BUILT_PRODUCTS_DIR; };
		A76485349F670D459BE8C085 /* Pods-Students Who SitTests.release.xcconfig */ = {isa = PBXFileReference; includeInIndex = 1; lastKnownFileType = text.xcconfig; name = "Pods-Students Who SitTests.release.xcconfig"; path = "Target Support Files/Pods-Students Who SitTests/Pods-Students Who SitTests.release.xcconfig"; sourceTree = "<group>"; };
		B53B7B4E5846DF86E7DC9165 /* Pods-Students Who Sit-Students Who SitUITests.release.xcconfig */ = {isa = PBXFileReference; includeInIndex = 1; lastKnownFileType = text.xcconfig; name = "Pods-Students Who Sit-Students Who SitUITests.release.xcconfig"; path = "Target Support Files/Pods-Students Who Sit-Students Who SitUITests/Pods-Students Who Sit-Students Who SitUITests.release.xcconfig"; sourceTree = "<group>"; };
		C25BFFB1E766A9D40CB13C91 /* Pods_Students_Who_Sit_Students_Who_SitUITests.framework */ = {isa = PBXFileReference; explicitFileType = wrapper.framework; includeInIndex = 0; path = Pods_Students_Who_Sit_Students_Who_SitUITests.framework; sourceTree = BUILT_PRODUCTS_DIR; };
		DF650D56DC084A13910782F6 /* Pods-Students Who SitTests.debug.xcconfig */ = {isa = PBXFileReference; includeInIndex = 1; lastKnownFileType = text.xcconfig; name = "Pods-Students Who SitTests.debug.xcconfig"; path = "Target Support Files/Pods-Students Who SitTests/Pods-Students Who SitTests.debug.xcconfig"; sourceTree = "<group>"; };
/* End PBXFileReference section */

/* Begin PBXFrameworksBuildPhase section */
		105255442C9A480200716DC3 /* Frameworks */ = {
			isa = PBXFrameworksBuildPhase;
			buildActionMask = 2147483647;
			files = (
				105255842C9A4E0600716DC3 /* Pods_Students_Who_Sit.framework in Frameworks */,
			);
			runOnlyForDeploymentPostprocessing = 0;
		};
		105255542C9A480400716DC3 /* Frameworks */ = {
			isa = PBXFrameworksBuildPhase;
			buildActionMask = 2147483647;
			files = (
				B4F1B351BD9B5C06033D9762 /* Pods_Students_Who_SitTests.framework in Frameworks */,
			);
			runOnlyForDeploymentPostprocessing = 0;
		};
		1052555E2C9A480400716DC3 /* Frameworks */ = {
			isa = PBXFrameworksBuildPhase;
			buildActionMask = 2147483647;
			files = (
				32AD7167D64E8B30EDC8EA5C /* Pods_Students_Who_Sit_Students_Who_SitUITests.framework in Frameworks */,
			);
			runOnlyForDeploymentPostprocessing = 0;
		};
/* End PBXFrameworksBuildPhase section */

/* Begin PBXGroup section */
		1052553E2C9A480200716DC3 = {
			isa = PBXGroup;
			children = (
				105255492C9A480200716DC3 /* Students Who Sit */,
				1052555A2C9A480400716DC3 /* Students Who SitTests */,
				105255642C9A480400716DC3 /* Students Who SitUITests */,
				105255482C9A480200716DC3 /* Products */,
				955BCD0DEE907B458F7B8674 /* Pods */,
				D3C09051831F79326160026E /* Frameworks */,
			);
			sourceTree = "<group>";
		};
		105255482C9A480200716DC3 /* Products */ = {
			isa = PBXGroup;
			children = (
				105255472C9A480200716DC3 /* Students Who Sit.app */,
				105255572C9A480400716DC3 /* Students Who SitTests.xctest */,
				105255612C9A480400716DC3 /* Students Who SitUITests.xctest */,
			);
			name = Products;
			sourceTree = "<group>";
		};
		105255492C9A480200716DC3 /* Students Who Sit */ = {
			isa = PBXGroup;
			children = (
				1052557F2C9A4A7A00716DC3 /* Services */,
				1052557C2C9A4A2600716DC3 /* ViewModels */,
				105255792C9A49D100716DC3 /* Views */,
				105255742C9A498A00716DC3 /* Models */,
				1052554A2C9A480200716DC3 /* Students_Who_SitApp.swift */,
				1052554C2C9A480200716DC3 /* ContentView.swift */,
				1052554E2C9A480400716DC3 /* Assets.xcassets */,
				105255502C9A480400716DC3 /* Preview Content */,
			);
			path = "Students Who Sit";
			sourceTree = "<group>";
		};
		105255502C9A480400716DC3 /* Preview Content */ = {
			isa = PBXGroup;
			children = (
				105255512C9A480400716DC3 /* Preview Assets.xcassets */,
			);
			path = "Preview Content";
			sourceTree = "<group>";
		};
		1052555A2C9A480400716DC3 /* Students Who SitTests */ = {
			isa = PBXGroup;
			children = (
				1052555B2C9A480400716DC3 /* Students_Who_SitTests.swift */,
			);
			path = "Students Who SitTests";
			sourceTree = "<group>";
		};
		105255642C9A480400716DC3 /* Students Who SitUITests */ = {
			isa = PBXGroup;
			children = (
				105255652C9A480400716DC3 /* Students_Who_SitUITests.swift */,
				105255672C9A480400716DC3 /* Students_Who_SitUITestsLaunchTests.swift */,
			);
			path = "Students Who SitUITests";
			sourceTree = "<group>";
		};
		105255742C9A498A00716DC3 /* Models */ = {
			isa = PBXGroup;
			children = (
				105255752C9A499500716DC3 /* Users.swift */,
				105255772C9A49C000716DC3 /* BabySittingGig.swift */,
			);
			path = Models;
			sourceTree = "<group>";
		};
		105255792C9A49D100716DC3 /* Views */ = {
			isa = PBXGroup;
			children = (
				1052557A2C9A49DE00716DC3 /* HomeView.swift */,
				105255822C9A4AB000716DC3 /* ProfileView.swift */,
			);
			path = Views;
			sourceTree = "<group>";
		};
		1052557C2C9A4A2600716DC3 /* ViewModels */ = {
			isa = PBXGroup;
			children = (
				1052557D2C9A4A3500716DC3 /* HomeViewModel.swift */,
			);
			path = ViewModels;
			sourceTree = "<group>";
		};
		1052557F2C9A4A7A00716DC3 /* Services */ = {
			isa = PBXGroup;
			children = (
				105255802C9A4A8700716DC3 /* FirebaseServices.swift */,
			);
			path = Services;
			sourceTree = "<group>";
		};
		955BCD0DEE907B458F7B8674 /* Pods */ = {
			isa = PBXGroup;
			children = (
				16DE13084DED706EF412EC72 /* Pods-Students Who Sit.debug.xcconfig */,
				2702404ED88D83D09435F2A0 /* Pods-Students Who Sit.release.xcconfig */,
				4704749B91AC80BCE5A17AD7 /* Pods-Students Who Sit-Students Who SitUITests.debug.xcconfig */,
				B53B7B4E5846DF86E7DC9165 /* Pods-Students Who Sit-Students Who SitUITests.release.xcconfig */,
				DF650D56DC084A13910782F6 /* Pods-Students Who SitTests.debug.xcconfig */,
				A76485349F670D459BE8C085 /* Pods-Students Who SitTests.release.xcconfig */,
			);
			path = Pods;
			sourceTree = "<group>";
		};
		D3C09051831F79326160026E /* Frameworks */ = {
			isa = PBXGroup;
			children = (
				A2EF8E9D09FC4BF9FB06FB97 /* Pods_Students_Who_Sit.framework */,
				C25BFFB1E766A9D40CB13C91 /* Pods_Students_Who_Sit_Students_Who_SitUITests.framework */,
				974CAA6500F5235D258BA696 /* Pods_Students_Who_SitTests.framework */,
			);
			name = Frameworks;
			sourceTree = "<group>";
		};
/* End PBXGroup section */

/* Begin PBXNativeTarget section */
		105255462C9A480200716DC3 /* Students Who Sit */ = {
			isa = PBXNativeTarget;
			buildConfigurationList = 1052556B2C9A480400716DC3 /* Build configuration list for PBXNativeTarget "Students Who Sit" */;
			buildPhases = (
				DC063B15A6761630D22C177B /* [CP] Check Pods Manifest.lock */,
				105255432C9A480200716DC3 /* Sources */,
				105255442C9A480200716DC3 /* Frameworks */,
				105255452C9A480200716DC3 /* Resources */,
				8AFCD0A2EC8D6289072F5DCF /* [CP] Embed Pods Frameworks */,
				105255862C9A4E0600716DC3 /* Embed Frameworks */,
			);
			buildRules = (
			);
			dependencies = (
			);
			name = "Students Who Sit";
			productName = "Students Who Sit";
			productReference = 105255472C9A480200716DC3 /* Students Who Sit.app */;
			productType = "com.apple.product-type.application";
		};
		105255562C9A480400716DC3 /* Students Who SitTests */ = {
			isa = PBXNativeTarget;
			buildConfigurationList = 1052556E2C9A480400716DC3 /* Build configuration list for PBXNativeTarget "Students Who SitTests" */;
			buildPhases = (
				DF078C0E4C018AB73B69B51F /* [CP] Check Pods Manifest.lock */,
				105255532C9A480400716DC3 /* Sources */,
				105255542C9A480400716DC3 /* Frameworks */,
				105255552C9A480400716DC3 /* Resources */,
			);
			buildRules = (
			);
			dependencies = (
				105255592C9A480400716DC3 /* PBXTargetDependency */,
			);
			name = "Students Who SitTests";
			productName = "Students Who SitTests";
			productReference = 105255572C9A480400716DC3 /* Students Who SitTests.xctest */;
			productType = "com.apple.product-type.bundle.unit-test";
		};
		105255602C9A480400716DC3 /* Students Who SitUITests */ = {
			isa = PBXNativeTarget;
			buildConfigurationList = 105255712C9A480400716DC3 /* Build configuration list for PBXNativeTarget "Students Who SitUITests" */;
			buildPhases = (
				D0C497E6569721334816AC8B /* [CP] Check Pods Manifest.lock */,
				1052555D2C9A480400716DC3 /* Sources */,
				1052555E2C9A480400716DC3 /* Frameworks */,
				1052555F2C9A480400716DC3 /* Resources */,
				7DE154B307C2F66901C4A535 /* [CP] Embed Pods Frameworks */,
			);
			buildRules = (
			);
			dependencies = (
				105255632C9A480400716DC3 /* PBXTargetDependency */,
			);
			name = "Students Who SitUITests";
			productName = "Students Who SitUITests";
			productReference = 105255612C9A480400716DC3 /* Students Who SitUITests.xctest */;
			productType = "com.apple.product-type.bundle.ui-testing";
		};
/* End PBXNativeTarget section */

/* Begin PBXProject section */
		1052553F2C9A480200716DC3 /* Project object */ = {
			isa = PBXProject;
			attributes = {
				BuildIndependentTargetsInParallel = 1;
				LastSwiftUpdateCheck = 1520;
				LastUpgradeCheck = 1520;
				TargetAttributes = {
					105255462C9A480200716DC3 = {
						CreatedOnToolsVersion = 15.2;
					};
					105255562C9A480400716DC3 = {
						CreatedOnToolsVersion = 15.2;
						TestTargetID = 105255462C9A480200716DC3;
					};
					105255602C9A480400716DC3 = {
						CreatedOnToolsVersion = 15.2;
						TestTargetID = 105255462C9A480200716DC3;
					};
				};
			};
			buildConfigurationList = 105255422C9A480200716DC3 /* Build configuration list for PBXProject "Students Who Sit" */;
			compatibilityVersion = "Xcode 14.0";
			developmentRegion = en;
			hasScannedForEncodings = 0;
			knownRegions = (
				en,
				Base,
			);
			mainGroup = 1052553E2C9A480200716DC3;
			productRefGroup = 105255482C9A480200716DC3 /* Products */;
			projectDirPath = "";
			projectRoot = "";
			targets = (
				105255462C9A480200716DC3 /* Students Who Sit */,
				105255562C9A480400716DC3 /* Students Who SitTests */,
				105255602C9A480400716DC3 /* Students Who SitUITests */,
			);
		};
/* End PBXProject section */

/* Begin PBXResourcesBuildPhase section */
		105255452C9A480200716DC3 /* Resources */ = {
			isa = PBXResourcesBuildPhase;
			buildActionMask = 2147483647;
			files = (
				105255522C9A480400716DC3 /* Preview Assets.xcassets in Resources */,
				1052554F2C9A480400716DC3 /* Assets.xcassets in Resources */,
			);
			runOnlyForDeploymentPostprocessing = 0;
		};
		105255552C9A480400716DC3 /* Resources */ = {
			isa = PBXResourcesBuildPhase;
			buildActionMask = 2147483647;
			files = (
			);
			runOnlyForDeploymentPostprocessing = 0;
		};
		1052555F2C9A480400716DC3 /* Resources */ = {
			isa = PBXResourcesBuildPhase;
			buildActionMask = 2147483647;
			files = (
			);
			runOnlyForDeploymentPostprocessing = 0;
		};
/* End PBXResourcesBuildPhase section */

/* Begin PBXShellScriptBuildPhase section */
		7DE154B307C2F66901C4A535 /* [CP] Embed Pods Frameworks */ = {
			isa = PBXShellScriptBuildPhase;
			buildActionMask = 2147483647;
			files = (
			);
			inputFileListPaths = (
				"${PODS_ROOT}/Target Support Files/Pods-Students Who Sit-Students Who SitUITests/Pods-Students Who Sit-Students Who SitUITests-frameworks-${CONFIGURATION}-input-files.xcfilelist",
			);
			name = "[CP] Embed Pods Frameworks";
			outputFileListPaths = (
				"${PODS_ROOT}/Target Support Files/Pods-Students Who Sit-Students Who SitUITests/Pods-Students Who Sit-Students Who SitUITests-frameworks-${CONFIGURATION}-output-files.xcfilelist",
			);
			runOnlyForDeploymentPostprocessing = 0;
			shellPath = /bin/sh;
			shellScript = "\"${PODS_ROOT}/Target Support Files/Pods-Students Who Sit-Students Who SitUITests/Pods-Students Who Sit-Students Who SitUITests-frameworks.sh\"\n";
			showEnvVarsInLog = 0;
		};
		8AFCD0A2EC8D6289072F5DCF /* [CP] Embed Pods Frameworks */ = {
			isa = PBXShellScriptBuildPhase;
			buildActionMask = 2147483647;
			files = (
			);
			inputFileListPaths = (
				"${PODS_ROOT}/Target Support Files/Pods-Students Who Sit/Pods-Students Who Sit-frameworks-${CONFIGURATION}-input-files.xcfilelist",
			);
			name = "[CP] Embed Pods Frameworks";
			outputFileListPaths = (
				"${PODS_ROOT}/Target Support Files/Pods-Students Who Sit/Pods-Students Who Sit-frameworks-${CONFIGURATION}-output-files.xcfilelist",
			);
			runOnlyForDeploymentPostprocessing = 0;
			shellPath = /bin/sh;
			shellScript = "\"${PODS_ROOT}/Target Support Files/Pods-Students Who Sit/Pods-Students Who Sit-frameworks.sh\"\n";
			showEnvVarsInLog = 0;
		};
		D0C497E6569721334816AC8B /* [CP] Check Pods Manifest.lock */ = {
			isa = PBXShellScriptBuildPhase;
			buildActionMask = 2147483647;
			files = (
			);
			inputFileListPaths = (
			);
			inputPaths = (
				"${PODS_PODFILE_DIR_PATH}/Podfile.lock",
				"${PODS_ROOT}/Manifest.lock",
			);
			name = "[CP] Check Pods Manifest.lock";
			outputFileListPaths = (
			);
			outputPaths = (
				"$(DERIVED_FILE_DIR)/Pods-Students Who Sit-Students Who SitUITests-checkManifestLockResult.txt",
			);
			runOnlyForDeploymentPostprocessing = 0;
			shellPath = /bin/sh;
			shellScript = "diff \"${PODS_PODFILE_DIR_PATH}/Podfile.lock\" \"${PODS_ROOT}/Manifest.lock\" > /dev/null\nif [ $? != 0 ] ; then\n    # print error to STDERR\n    echo \"error: The sandbox is not in sync with the Podfile.lock. Run 'pod install' or update your CocoaPods installation.\" >&2\n    exit 1\nfi\n# This output is used by Xcode 'outputs' to avoid re-running this script phase.\necho \"SUCCESS\" > \"${SCRIPT_OUTPUT_FILE_0}\"\n";
			showEnvVarsInLog = 0;
		};
		DC063B15A6761630D22C177B /* [CP] Check Pods Manifest.lock */ = {
			isa = PBXShellScriptBuildPhase;
			buildActionMask = 2147483647;
			files = (
			);
			inputFileListPaths = (
			);
			inputPaths = (
				"${PODS_PODFILE_DIR_PATH}/Podfile.lock",
				"${PODS_ROOT}/Manifest.lock",
			);
			name = "[CP] Check Pods Manifest.lock";
			outputFileListPaths = (
			);
			outputPaths = (
				"$(DERIVED_FILE_DIR)/Pods-Students Who Sit-checkManifestLockResult.txt",
			);
			runOnlyForDeploymentPostprocessing = 0;
			shellPath = /bin/sh;
			shellScript = "diff \"${PODS_PODFILE_DIR_PATH}/Podfile.lock\" \"${PODS_ROOT}/Manifest.lock\" > /dev/null\nif [ $? != 0 ] ; then\n    # print error to STDERR\n    echo \"error: The sandbox is not in sync with the Podfile.lock. Run 'pod install' or update your CocoaPods installation.\" >&2\n    exit 1\nfi\n# This output is used by Xcode 'outputs' to avoid re-running this script phase.\necho \"SUCCESS\" > \"${SCRIPT_OUTPUT_FILE_0}\"\n";
			showEnvVarsInLog = 0;
		};
		DF078C0E4C018AB73B69B51F /* [CP] Check Pods Manifest.lock */ = {
			isa = PBXShellScriptBuildPhase;
			buildActionMask = 2147483647;
			files = (
			);
			inputFileListPaths = (
			);
			inputPaths = (
				"${PODS_PODFILE_DIR_PATH}/Podfile.lock",
				"${PODS_ROOT}/Manifest.lock",
			);
			name = "[CP] Check Pods Manifest.lock";
			outputFileListPaths = (
			);
			outputPaths = (
				"$(DERIVED_FILE_DIR)/Pods-Students Who SitTests-checkManifestLockResult.txt",
			);
			runOnlyForDeploymentPostprocessing = 0;
			shellPath = /bin/sh;
			shellScript = "diff \"${PODS_PODFILE_DIR_PATH}/Podfile.lock\" \"${PODS_ROOT}/Manifest.lock\" > /dev/null\nif [ $? != 0 ] ; then\n    # print error to STDERR\n    echo \"error: The sandbox is not in sync with the Podfile.lock. Run 'pod install' or update your CocoaPods installation.\" >&2\n    exit 1\nfi\n# This output is used by Xcode 'outputs' to avoid re-running this script phase.\necho \"SUCCESS\" > \"${SCRIPT_OUTPUT_FILE_0}\"\n";
			showEnvVarsInLog = 0;
		};
/* End PBXShellScriptBuildPhase section */

/* Begin PBXSourcesBuildPhase section */
		105255432C9A480200716DC3 /* Sources */ = {
			isa = PBXSourcesBuildPhase;
			buildActionMask = 2147483647;
			files = (
				105255832C9A4AB000716DC3 /* ProfileView.swift in Sources */,
				1052554D2C9A480200716DC3 /* ContentView.swift in Sources */,
				1052557E2C9A4A3500716DC3 /* HomeViewModel.swift in Sources */,
				105255762C9A499500716DC3 /* Users.swift in Sources */,
				105255812C9A4A8700716DC3 /* FirebaseServices.swift in Sources */,
				105255782C9A49C000716DC3 /* BabySittingGig.swift in Sources */,
				1052557B2C9A49DE00716DC3 /* HomeView.swift in Sources */,
				1052554B2C9A480200716DC3 /* Students_Who_SitApp.swift in Sources */,
			);
			runOnlyForDeploymentPostprocessing = 0;
		};
		105255532C9A480400716DC3 /* Sources */ = {
			isa = PBXSourcesBuildPhase;
			buildActionMask = 2147483647;
			files = (
				1052555C2C9A480400716DC3 /* Students_Who_SitTests.swift in Sources */,
			);
			runOnlyForDeploymentPostprocessing = 0;
		};
		1052555D2C9A480400716DC3 /* Sources */ = {
			isa = PBXSourcesBuildPhase;
			buildActionMask = 2147483647;
			files = (
				105255682C9A480400716DC3 /* Students_Who_SitUITestsLaunchTests.swift in Sources */,
				105255662C9A480400716DC3 /* Students_Who_SitUITests.swift in Sources */,
			);
			runOnlyForDeploymentPostprocessing = 0;
		};
/* End PBXSourcesBuildPhase section */

/* Begin PBXTargetDependency section */
		105255592C9A480400716DC3 /* PBXTargetDependency */ = {
			isa = PBXTargetDependency;
			target = 105255462C9A480200716DC3 /* Students Who Sit */;
			targetProxy = 105255582C9A480400716DC3 /* PBXContainerItemProxy */;
		};
		105255632C9A480400716DC3 /* PBXTargetDependency */ = {
			isa = PBXTargetDependency;
			target = 105255462C9A480200716DC3 /* Students Who Sit */;
			targetProxy = 105255622C9A480400716DC3 /* PBXContainerItemProxy */;
		};
/* End PBXTargetDependency section */

/* Begin XCBuildConfiguration section */
		105255692C9A480400716DC3 /* Debug */ = {
			isa = XCBuildConfiguration;
			buildSettings = {
				ALWAYS_SEARCH_USER_PATHS = NO;
				ASSETCATALOG_COMPILER_GENERATE_SWIFT_ASSET_SYMBOL_EXTENSIONS = YES;
				CLANG_ANALYZER_NONNULL = YES;
				CLANG_ANALYZER_NUMBER_OBJECT_CONVERSION = YES_AGGRESSIVE;
				CLANG_CXX_LANGUAGE_STANDARD = "gnu++20";
				CLANG_ENABLE_MODULES = YES;
				CLANG_ENABLE_OBJC_ARC = YES;
				CLANG_ENABLE_OBJC_WEAK = YES;
				CLANG_WARN_BLOCK_CAPTURE_AUTORELEASING = YES;
				CLANG_WARN_BOOL_CONVERSION = YES;
				CLANG_WARN_COMMA = YES;
				CLANG_WARN_CONSTANT_CONVERSION = YES;
				CLANG_WARN_DEPRECATED_OBJC_IMPLEMENTATIONS = YES;
				CLANG_WARN_DIRECT_OBJC_ISA_USAGE = YES_ERROR;
				CLANG_WARN_DOCUMENTATION_COMMENTS = YES;
				CLANG_WARN_EMPTY_BODY = YES;
				CLANG_WARN_ENUM_CONVERSION = YES;
				CLANG_WARN_INFINITE_RECURSION = YES;
				CLANG_WARN_INT_CONVERSION = YES;
				CLANG_WARN_NON_LITERAL_NULL_CONVERSION = YES;
				CLANG_WARN_OBJC_IMPLICIT_RETAIN_SELF = YES;
				CLANG_WARN_OBJC_LITERAL_CONVERSION = YES;
				CLANG_WARN_OBJC_ROOT_CLASS = YES_ERROR;
				CLANG_WARN_QUOTED_INCLUDE_IN_FRAMEWORK_HEADER = YES;
				CLANG_WARN_RANGE_LOOP_ANALYSIS = YES;
				CLANG_WARN_STRICT_PROTOTYPES = YES;
				CLANG_WARN_SUSPICIOUS_MOVE = YES;
				CLANG_WARN_UNGUARDED_AVAILABILITY = YES_AGGRESSIVE;
				CLANG_WARN_UNREACHABLE_CODE = YES;
				CLANG_WARN__DUPLICATE_METHOD_MATCH = YES;
				COPY_PHASE_STRIP = NO;
				DEBUG_INFORMATION_FORMAT = dwarf;
				ENABLE_STRICT_OBJC_MSGSEND = YES;
				ENABLE_TESTABILITY = YES;
				ENABLE_USER_SCRIPT_SANDBOXING = YES;
				GCC_C_LANGUAGE_STANDARD = gnu17;
				GCC_DYNAMIC_NO_PIC = NO;
				GCC_NO_COMMON_BLOCKS = YES;
				GCC_OPTIMIZATION_LEVEL = 0;
				GCC_PREPROCESSOR_DEFINITIONS = (
					"DEBUG=1",
					"$(inherited)",
				);
				GCC_WARN_64_TO_32_BIT_CONVERSION = YES;
				GCC_WARN_ABOUT_RETURN_TYPE = YES_ERROR;
				GCC_WARN_UNDECLARED_SELECTOR = YES;
				GCC_WARN_UNINITIALIZED_AUTOS = YES_AGGRESSIVE;
				GCC_WARN_UNUSED_FUNCTION = YES;
				GCC_WARN_UNUSED_VARIABLE = YES;
				IPHONEOS_DEPLOYMENT_TARGET = 17.2;
				LOCALIZATION_PREFERS_STRING_CATALOGS = YES;
				MTL_ENABLE_DEBUG_INFO = INCLUDE_SOURCE;
				MTL_FAST_MATH = YES;
				ONLY_ACTIVE_ARCH = YES;
				SDKROOT = iphoneos;
				SWIFT_ACTIVE_COMPILATION_CONDITIONS = "DEBUG $(inherited)";
				SWIFT_OPTIMIZATION_LEVEL = "-Onone";
			};
			name = Debug;
		};
		1052556A2C9A480400716DC3 /* Release */ = {
			isa = XCBuildConfiguration;
			buildSettings = {
				ALWAYS_SEARCH_USER_PATHS = NO;
				ASSETCATALOG_COMPILER_GENERATE_SWIFT_ASSET_SYMBOL_EXTENSIONS = YES;
				CLANG_ANALYZER_NONNULL = YES;
				CLANG_ANALYZER_NUMBER_OBJECT_CONVERSION = YES_AGGRESSIVE;
				CLANG_CXX_LANGUAGE_STANDARD = "gnu++20";
				CLANG_ENABLE_MODULES = YES;
				CLANG_ENABLE_OBJC_ARC = YES;
				CLANG_ENABLE_OBJC_WEAK = YES;
				CLANG_WARN_BLOCK_CAPTURE_AUTORELEASING = YES;
				CLANG_WARN_BOOL_CONVERSION = YES;
				CLANG_WARN_COMMA = YES;
				CLANG_WARN_CONSTANT_CONVERSION = YES;
				CLANG_WARN_DEPRECATED_OBJC_IMPLEMENTATIONS = YES;
				CLANG_WARN_DIRECT_OBJC_ISA_USAGE = YES_ERROR;
				CLANG_WARN_DOCUMENTATION_COMMENTS = YES;
				CLANG_WARN_EMPTY_BODY = YES;
				CLANG_WARN_ENUM_CONVERSION = YES;
				CLANG_WARN_INFINITE_RECURSION = YES;
				CLANG_WARN_INT_CONVERSION = YES;
				CLANG_WARN_NON_LITERAL_NULL_CONVERSION = YES;
				CLANG_WARN_OBJC_IMPLICIT_RETAIN_SELF = YES;
				CLANG_WARN_OBJC_LITERAL_CONVERSION = YES;
				CLANG_WARN_OBJC_ROOT_CLASS = YES_ERROR;
				CLANG_WARN_QUOTED_INCLUDE_IN_FRAMEWORK_HEADER = YES;
				CLANG_WARN_RANGE_LOOP_ANALYSIS = YES;
				CLANG_WARN_STRICT_PROTOTYPES = YES;
				CLANG_WARN_SUSPICIOUS_MOVE = YES;
				CLANG_WARN_UNGUARDED_AVAILABILITY = YES_AGGRESSIVE;
				CLANG_WARN_UNREACHABLE_CODE = YES;
				CLANG_WARN__DUPLICATE_METHOD_MATCH = YES;
				COPY_PHASE_STRIP = NO;
				DEBUG_INFORMATION_FORMAT = "dwarf-with-dsym";
				ENABLE_NS_ASSERTIONS = NO;
				ENABLE_STRICT_OBJC_MSGSEND = YES;
				ENABLE_USER_SCRIPT_SANDBOXING = YES;
				GCC_C_LANGUAGE_STANDARD = gnu17;
				GCC_NO_COMMON_BLOCKS = YES;
				GCC_WARN_64_TO_32_BIT_CONVERSION = YES;
				GCC_WARN_ABOUT_RETURN_TYPE = YES_ERROR;
				GCC_WARN_UNDECLARED_SELECTOR = YES;
				GCC_WARN_UNINITIALIZED_AUTOS = YES_AGGRESSIVE;
				GCC_WARN_UNUSED_FUNCTION = YES;
				GCC_WARN_UNUSED_VARIABLE = YES;
				IPHONEOS_DEPLOYMENT_TARGET = 17.2;
				LOCALIZATION_PREFERS_STRING_CATALOGS = YES;
				MTL_ENABLE_DEBUG_INFO = NO;
				MTL_FAST_MATH = YES;
				SDKROOT = iphoneos;
				SWIFT_COMPILATION_MODE = wholemodule;
				VALIDATE_PRODUCT = YES;
			};
			name = Release;
		};
		1052556C2C9A480400716DC3 /* Debug */ = {
			isa = XCBuildConfiguration;
			baseConfigurationReference = 16DE13084DED706EF412EC72 /* Pods-Students Who Sit.debug.xcconfig */;
			buildSettings = {
				ASSETCATALOG_COMPILER_APPICON_NAME = AppIcon;
				ASSETCATALOG_COMPILER_GLOBAL_ACCENT_COLOR_NAME = AccentColor;
				CODE_SIGN_STYLE = Automatic;
				CURRENT_PROJECT_VERSION = 1;
				DEVELOPMENT_ASSET_PATHS = "\"Students Who Sit/Preview Content\"";
				ENABLE_PREVIEWS = YES;
				GENERATE_INFOPLIST_FILE = YES;
				INFOPLIST_KEY_UIApplicationSceneManifest_Generation = YES;
				INFOPLIST_KEY_UIApplicationSupportsIndirectInputEvents = YES;
				INFOPLIST_KEY_UILaunchScreen_Generation = YES;
				INFOPLIST_KEY_UISupportedInterfaceOrientations_iPad = "UIInterfaceOrientationPortrait UIInterfaceOrientationPortraitUpsideDown UIInterfaceOrientationLandscapeLeft UIInterfaceOrientationLandscapeRight";
				INFOPLIST_KEY_UISupportedInterfaceOrientations_iPhone = "UIInterfaceOrientationPortrait UIInterfaceOrientationLandscapeLeft UIInterfaceOrientationLandscapeRight";
				LD_RUNPATH_SEARCH_PATHS = (
					"$(inherited)",
					"@executable_path/Frameworks",
				);
				MARKETING_VERSION = 1.0;
				PRODUCT_BUNDLE_IDENTIFIER = "HMB.Students-Who-Sit";
				PRODUCT_NAME = "$(TARGET_NAME)";
				SWIFT_EMIT_LOC_STRINGS = YES;
				SWIFT_VERSION = 5.0;
				TARGETED_DEVICE_FAMILY = "1,2";
			};
			name = Debug;
		};
		1052556D2C9A480400716DC3 /* Release */ = {
			isa = XCBuildConfiguration;
			baseConfigurationReference = 2702404ED88D83D09435F2A0 /* Pods-Students Who Sit.release.xcconfig */;
			buildSettings = {
				ASSETCATALOG_COMPILER_APPICON_NAME = AppIcon;
				ASSETCATALOG_COMPILER_GLOBAL_ACCENT_COLOR_NAME = AccentColor;
				CODE_SIGN_STYLE = Automatic;
				CURRENT_PROJECT_VERSION = 1;
				DEVELOPMENT_ASSET_PATHS = "\"Students Who Sit/Preview Content\"";
				ENABLE_PREVIEWS = YES;
				GENERATE_INFOPLIST_FILE = YES;
				INFOPLIST_KEY_UIApplicationSceneManifest_Generation = YES;
				INFOPLIST_KEY_UIApplicationSupportsIndirectInputEvents = YES;
				INFOPLIST_KEY_UILaunchScreen_Generation = YES;
				INFOPLIST_KEY_UISupportedInterfaceOrientations_iPad = "UIInterfaceOrientationPortrait UIInterfaceOrientationPortraitUpsideDown UIInterfaceOrientationLandscapeLeft UIInterfaceOrientationLandscapeRight";
				INFOPLIST_KEY_UISupportedInterfaceOrientations_iPhone = "UIInterfaceOrientationPortrait UIInterfaceOrientationLandscapeLeft UIInterfaceOrientationLandscapeRight";
				LD_RUNPATH_SEARCH_PATHS = (
					"$(inherited)",
					"@executable_path/Frameworks",
				);
				MARKETING_VERSION = 1.0;
				PRODUCT_BUNDLE_IDENTIFIER = "HMB.Students-Who-Sit";
				PRODUCT_NAME = "$(TARGET_NAME)";
				SWIFT_EMIT_LOC_STRINGS = YES;
				SWIFT_VERSION = 5.0;
				TARGETED_DEVICE_FAMILY = "1,2";
			};
			name = Release;
		};
		1052556F2C9A480400716DC3 /* Debug */ = {
			isa = XCBuildConfiguration;
			baseConfigurationReference = DF650D56DC084A13910782F6 /* Pods-Students Who SitTests.debug.xcconfig */;
			buildSettings = {
				ALWAYS_EMBED_SWIFT_STANDARD_LIBRARIES = YES;
				BUNDLE_LOADER = "$(TEST_HOST)";
				CODE_SIGN_STYLE = Automatic;
				CURRENT_PROJECT_VERSION = 1;
				GENERATE_INFOPLIST_FILE = YES;
				IPHONEOS_DEPLOYMENT_TARGET = 17.2;
				MARKETING_VERSION = 1.0;
				PRODUCT_BUNDLE_IDENTIFIER = "HMB.Students-Who-SitTests";
				PRODUCT_NAME = "$(TARGET_NAME)";
				SWIFT_EMIT_LOC_STRINGS = NO;
				SWIFT_VERSION = 5.0;
				TARGETED_DEVICE_FAMILY = "1,2";
				TEST_HOST = "$(BUILT_PRODUCTS_DIR)/Students Who Sit.app/$(BUNDLE_EXECUTABLE_FOLDER_PATH)/Students Who Sit";
			};
			name = Debug;
		};
		105255702C9A480400716DC3 /* Release */ = {
			isa = XCBuildConfiguration;
			baseConfigurationReference = A76485349F670D459BE8C085 /* Pods-Students Who SitTests.release.xcconfig */;
			buildSettings = {
				ALWAYS_EMBED_SWIFT_STANDARD_LIBRARIES = YES;
				BUNDLE_LOADER = "$(TEST_HOST)";
				CODE_SIGN_STYLE = Automatic;
				CURRENT_PROJECT_VERSION = 1;
				GENERATE_INFOPLIST_FILE = YES;
				IPHONEOS_DEPLOYMENT_TARGET = 17.2;
				MARKETING_VERSION = 1.0;
				PRODUCT_BUNDLE_IDENTIFIER = "HMB.Students-Who-SitTests";
				PRODUCT_NAME = "$(TARGET_NAME)";
				SWIFT_EMIT_LOC_STRINGS = NO;
				SWIFT_VERSION = 5.0;
				TARGETED_DEVICE_FAMILY = "1,2";
				TEST_HOST = "$(BUILT_PRODUCTS_DIR)/Students Who Sit.app/$(BUNDLE_EXECUTABLE_FOLDER_PATH)/Students Who Sit";
			};
			name = Release;
		};
		105255722C9A480400716DC3 /* Debug */ = {
			isa = XCBuildConfiguration;
			baseConfigurationReference = 4704749B91AC80BCE5A17AD7 /* Pods-Students Who Sit-Students Who SitUITests.debug.xcconfig */;
			buildSettings = {
				ALWAYS_EMBED_SWIFT_STANDARD_LIBRARIES = YES;
				CODE_SIGN_STYLE = Automatic;
				CURRENT_PROJECT_VERSION = 1;
				GENERATE_INFOPLIST_FILE = YES;
				MARKETING_VERSION = 1.0;
				PRODUCT_BUNDLE_IDENTIFIER = "HMB.Students-Who-SitUITests";
				PRODUCT_NAME = "$(TARGET_NAME)";
				SWIFT_EMIT_LOC_STRINGS = NO;
				SWIFT_VERSION = 5.0;
				TARGETED_DEVICE_FAMILY = "1,2";
				TEST_TARGET_NAME = "Students Who Sit";
			};
			name = Debug;
		};
		105255732C9A480400716DC3 /* Release */ = {
			isa = XCBuildConfiguration;
			baseConfigurationReference = B53B7B4E5846DF86E7DC9165 /* Pods-Students Who Sit-Students Who SitUITests.release.xcconfig */;
			buildSettings = {
				ALWAYS_EMBED_SWIFT_STANDARD_LIBRARIES = YES;
				CODE_SIGN_STYLE = Automatic;
				CURRENT_PROJECT_VERSION = 1;
				GENERATE_INFOPLIST_FILE = YES;
				MARKETING_VERSION = 1.0;
				PRODUCT_BUNDLE_IDENTIFIER = "HMB.Students-Who-SitUITests";
				PRODUCT_NAME = "$(TARGET_NAME)";
				SWIFT_EMIT_LOC_STRINGS = NO;
				SWIFT_VERSION = 5.0;
				TARGETED_DEVICE_FAMILY = "1,2";
				TEST_TARGET_NAME = "Students Who Sit";
			};
			name = Release;
		};
/* End XCBuildConfiguration section */

/* Begin XCConfigurationList section */
		105255422C9A480200716DC3 /* Build configuration list for PBXProject "Students Who Sit" */ = {
			isa = XCConfigurationList;
			buildConfigurations = (
				105255692C9A480400716DC3 /* Debug */,
				1052556A2C9A480400716DC3 /* Release */,
			);
			defaultConfigurationIsVisible = 0;
			defaultConfigurationName = Release;
		};
		1052556B2C9A480400716DC3 /* Build configuration list for PBXNativeTarget "Students Who Sit" */ = {
			isa = XCConfigurationList;
			buildConfigurations = (
				1052556C2C9A480400716DC3 /* Debug */,
				1052556D2C9A480400716DC3 /* Release */,
			);
			defaultConfigurationIsVisible = 0;
			defaultConfigurationName = Release;
		};
		1052556E2C9A480400716DC3 /* Build configuration list for PBXNativeTarget "Students Who SitTests" */ = {
			isa = XCConfigurationList;
			buildConfigurations = (
				1052556F2C9A480400716DC3 /* Debug */,
				105255702C9A480400716DC3 /* Release */,
			);
			defaultConfigurationIsVisible = 0;
			defaultConfigurationName = Release;
		};
		105255712C9A480400716DC3 /* Build configuration list for PBXNativeTarget "Students Who SitUITests" */ = {
			isa = XCConfigurationList;
			buildConfigurations = (
				105255722C9A480400716DC3 /* Debug */,
				105255732C9A480400716DC3 /* Release */,
			);
			defaultConfigurationIsVisible = 0;
			defaultConfigurationName = Release;
		};
/* End XCConfigurationList section */
	};
	rootObject = 1052553F2C9A480200716DC3 /* Project object */;
}
